# THIS IS AN AUTOGENERATED FILE. DO NOT EDIT THIS FILE DIRECTLY.
# yarn lockfile v1


"@types/commander@^2.3.31":
  version "2.3.31"
  resolved "https://registry.yarnpkg.com/@types/commander/-/commander-2.3.31.tgz#c60e5517091f9e2200a5e2063a830eddac4a7036"
  dependencies:
    "@types/node" "*"

"@types/lodash@^4.14.61":
  version "4.14.61"
  resolved "https://registry.yarnpkg.com/@types/lodash/-/lodash-4.14.61.tgz#0518c10805b1f9d21f98f82b1311ac2a6ec75892"

"@types/node@*", "@types/node@^7.0.12":
  version "7.0.12"
  resolved "https://registry.yarnpkg.com/@types/node/-/node-7.0.12.tgz#ae5f67a19c15f752148004db07cbbb372e69efc9"

"@types/pify@^0.0.28":
  version "0.0.28"
  resolved "https://registry.yarnpkg.com/@types/pify/-/pify-0.0.28.tgz#682b6c33a1d05748b86f029bdab6f62aa73ff506"

commander@^2.9.0:
  version "2.9.0"
  resolved "https://registry.yarnpkg.com/commander/-/commander-2.9.0.tgz#9c99094176e12240cb22d6c5146098400fe0f7d4"
  dependencies:
    graceful-readlink ">= 1.0.0"

"graceful-readlink@>= 1.0.0":
  version "1.0.1"
  resolved "https://registry.yarnpkg.com/graceful-readlink/-/graceful-readlink-1.0.1.tgz#4cafad76bc62f02fa039b2f94e9a3dd3a391a725"

lodash@^4.17.4:
  version "4.17.4"
  resolved "https://registry.yarnpkg.com/lodash/-/lodash-4.17.4.tgz#78203a4d1c328ae1d86dca6460e369b57f4055ae"

pify@^2.3.0:
  version "2.3.0"
  resolved "https://registry.yarnpkg.com/pify/-/pify-2.3.0.tgz#ed141a6ac043a849ea588498e7dca8b15330e90c"

tslib@^1.6.0:
  version "1.6.0"
  resolved "https://registry.yarnpkg.com/tslib/-/tslib-1.6.0.tgz#cf36c93e02ae86a20fc131eae511162b869a6652"

typescript@^2.2.2:
  version "2.2.2"
  resolved "https://registry.yarnpkg.com/typescript/-/typescript-2.2.2.tgz#606022508479b55ffa368b58fee963a03dfd7b0c"
